
Microsoft Visual Studio Solution File, Format Version 12.00
# Visual Studio 15
VisualStudioVersion = 15.0.27004.2005
MinimumVisualStudioVersion = 10.0.40219.1
Project("{888888A0-9F3D-457C-B088-3A5042F75D52}") = "Cacaroo", "Cacaroo\Cacaroo.pyproj", "{97EED2B3-89E9-4000-AA47-7C467033F9ED}"
EndProject
Global
	GlobalSection(SolutionConfigurationPlatforms) = preSolution
		Debug|Any CPU = Debug|Any CPU
		Release|Any CPU = Release|Any CPU
	EndGlobalSection
	GlobalSection(ProjectConfigurationPlatforms) = postSolution
		{97EED2B3-89E9-4000-AA47-7C467033F9ED}.Debug|Any CPU.ActiveCfg = Debug|Any CPU
		{97EED2B3-89E9-4000-AA47-7C467033F9ED}.Debug|Any CPU.Build.0 = Debug|Any CPU
		{97EED2B3-89E9-4000-AA47-7C467033F9ED}.Release|Any CPU.ActiveCfg = Release|Any CPU
		{97EED2B3-89E9-4000-AA47-7C467033F9ED}.Release|Any CPU.Build.0 = Release|Any CPU
	EndGlobalSection
	GlobalSection(SolutionProperties) = preSolution
		HideSolutionNode = FALSE
	EndGlobalSection
	GlobalSection(ExtensibilityGlobals) = postSolution
		SolutionGuid = {0921F775-44C5-4EAE-9A92-E96C8DEF83A1}
	EndGlobalSection
EndGlobal
